
Microsoft Visual Studio Solution File, Format Version 12.00
# Visual Studio Version 17
VisualStudioVersion = 17.4.33403.182
MinimumVisualStudioVersion = 10.0.40219.1
Project("{8BC9CEB8-8B4A-11D0-8D11-00A0C91BC942}") = "NekoYanagi", "NekoYanagi.vcxproj", "{A021E384-BCE4-4057-9E70-056245BB950F}"
EndProject
Project("{2150E333-8FDC-42A3-9474-1A3956D46DE8}") = "External", "External", "{F747AAD1-896B-4DE3-9A52-1796DC84EB35}"
EndProject
Project("{8BC9CEB8-8B4A-11D0-8D11-00A0C91BC942}") = "imgui", "lib\External\imgui\imgui.vcxproj", "{87C7A5ED-2C06-4FA9-8237-9922BA531380}"
EndProject
Project("{8BC9CEB8-8B4A-11D0-8D11-00A0C91BC942}") = "DirectXTex", "lib\External\DirectXTex\DirectXTex_Desktop_2022_Win10.vcxproj", "{371B9FA9-4C90-4AC6-A123-ACED756D6C77}"
EndProject
Global
	GlobalSection(SolutionConfigurationPlatforms) = preSolution
		Debug|x64 = Debug|x64
		Debug|x86 = Debug|x86
		Profile|x64 = Profile|x64
		Profile|x86 = Profile|x86
		Release|x64 = Release|x64
		Release|x86 = Release|x86
	EndGlobalSection
	GlobalSection(ProjectConfigurationPlatforms) = postSolution
		{A021E384-BCE4-4057-9E70-056245BB950F}.Debug|x64.ActiveCfg = Debug|x64
		{A021E384-BCE4-4057-9E70-056245BB950F}.Debug|x64.Build.0 = Debug|x64
		{A021E384-BCE4-4057-9E70-056245BB950F}.Debug|x86.ActiveCfg = Debug|Win32
		{A021E384-BCE4-4057-9E70-056245BB950F}.Debug|x86.Build.0 = Debug|Win32
		{A021E384-BCE4-4057-9E70-056245BB950F}.Profile|x64.ActiveCfg = Release|x64
		{A021E384-BCE4-4057-9E70-056245BB950F}.Profile|x64.Build.0 = Release|x64
		{A021E384-BCE4-4057-9E70-056245BB950F}.Profile|x86.ActiveCfg = Release|Win32
		{A021E384-BCE4-4057-9E70-056245BB950F}.Profile|x86.Build.0 = Release|Win32
		{A021E384-BCE4-4057-9E70-056245BB950F}.Release|x64.ActiveCfg = Release|x64
		{A021E384-BCE4-4057-9E70-056245BB950F}.Release|x64.Build.0 = Release|x64
		{A021E384-BCE4-4057-9E70-056245BB950F}.Release|x86.ActiveCfg = Release|Win32
		{A021E384-BCE4-4057-9E70-056245BB950F}.Release|x86.Build.0 = Release|Win32
		{87C7A5ED-2C06-4FA9-8237-9922BA531380}.Debug|x64.ActiveCfg = Debug|x64
		{87C7A5ED-2C06-4FA9-8237-9922BA531380}.Debug|x64.Build.0 = Debug|x64
		{87C7A5ED-2C06-4FA9-8237-9922BA531380}.Debug|x86.ActiveCfg = Debug|Win32
		{87C7A5ED-2C06-4FA9-8237-9922BA531380}.Debug|x86.Build.0 = Debug|Win32
		{87C7A5ED-2C06-4FA9-8237-9922BA531380}.Profile|x64.ActiveCfg = Release|x64
		{87C7A5ED-2C06-4FA9-8237-9922BA531380}.Profile|x64.Build.0 = Release|x64
		{87C7A5ED-2C06-4FA9-8237-9922BA531380}.Profile|x86.ActiveCfg = Release|Win32
		{87C7A5ED-2C06-4FA9-8237-9922BA531380}.Profile|x86.Build.0 = Release|Win32
		{87C7A5ED-2C06-4FA9-8237-9922BA531380}.Release|x64.ActiveCfg = Release|x64
		{87C7A5ED-2C06-4FA9-8237-9922BA531380}.Release|x64.Build.0 = Release|x64
		{87C7A5ED-2C06-4FA9-8237-9922BA531380}.Release|x86.ActiveCfg = Release|Win32
		{87C7A5ED-2C06-4FA9-8237-9922BA531380}.Release|x86.Build.0 = Release|Win32
		{371B9FA9-4C90-4AC6-A123-ACED756D6C77}.Debug|x64.ActiveCfg = Debug|x64
		{371B9FA9-4C90-4AC6-A123-ACED756D6C77}.Debug|x64.Build.0 = Debug|x64
		{371B9FA9-4C90-4AC6-A123-ACED756D6C77}.Debug|x86.ActiveCfg = Debug|x64
		{371B9FA9-4C90-4AC6-A123-ACED756D6C77}.Debug|x86.Build.0 = Debug|x64
		{371B9FA9-4C90-4AC6-A123-ACED756D6C77}.Profile|x64.ActiveCfg = Profile|x64
		{371B9FA9-4C90-4AC6-A123-ACED756D6C77}.Profile|x64.Build.0 = Profile|x64
		{371B9FA9-4C90-4AC6-A123-ACED756D6C77}.Profile|x86.ActiveCfg = Profile|x64
		{371B9FA9-4C90-4AC6-A123-ACED756D6C77}.Profile|x86.Build.0 = Profile|x64
		{371B9FA9-4C90-4AC6-A123-ACED756D6C77}.Release|x64.ActiveCfg = Release|x64
		{371B9FA9-4C90-4AC6-A123-ACED756D6C77}.Release|x64.Build.0 = Release|x64
		{371B9FA9-4C90-4AC6-A123-ACED756D6C77}.Release|x86.ActiveCfg = Release|x64
		{371B9FA9-4C90-4AC6-A123-ACED756D6C77}.Release|x86.Build.0 = Release|x64
	EndGlobalSection
	GlobalSection(SolutionProperties) = preSolution
		HideSolutionNode = FALSE
	EndGlobalSection
	GlobalSection(NestedProjects) = preSolution
		{87C7A5ED-2C06-4FA9-8237-9922BA531380} = {F747AAD1-896B-4DE3-9A52-1796DC84EB35}
		{371B9FA9-4C90-4AC6-A123-ACED756D6C77} = {F747AAD1-896B-4DE3-9A52-1796DC84EB35}
	EndGlobalSection
	GlobalSection(ExtensibilityGlobals) = postSolution
		SolutionGuid = {549BA338-FC65-4267-8DB2-CB10D919A539}
	EndGlobalSection
EndGlobal
